{
  "version": "3",
  "redirects": {
    "https://deno.land/x/dotenv/load.ts": "https://deno.land/x/dotenv@v3.2.2/load.ts",
    "https://deno.land/x/dotenv/mod.ts": "https://deno.land/x/dotenv@v3.2.2/mod.ts"
  },
  "remote": {
    "https://deno.land/std@0.189.0/fmt/colors.ts": "d67e3cd9f472535241a8e410d33423980bec45047e343577554d3356e1f0ef4e",
    "https://deno.land/std@0.189.0/streams/write_all.ts": "aec90152978581ea62d56bb53a5cbf487e6a89c902f87c5969681ffbdf32b998",
    "https://deno.land/std@0.207.0/assert/assert.ts": "9a97dad6d98c238938e7540736b826440ad8c1c1e54430ca4c4e623e585607ee",
    "https://deno.land/std@0.207.0/assert/assertion_error.ts": "4d0bde9b374dfbcbe8ac23f54f567b77024fb67dbb1906a852d67fe050d42f56",
    "https://deno.land/std@0.207.0/csv/_io.ts": "5bfe70bfaae7bf642f0f178cbcd6fbd8105bb63ee3a487ee866009c2b13befc5",
    "https://deno.land/std@0.207.0/csv/csv_parse_stream.ts": "122840c0f83907c01cfc7d1f07ed6a5dc4e0efc9840d5acfb7bcf93b6040be3f",
    "https://deno.land/std@0.207.0/csv/csv_stringify_stream.ts": "d2bbec9bbdbf9dacab4b9f7e35d9c2b4f6b0f839d1291755702ae5f60ba3f71e",
    "https://deno.land/std@0.207.0/csv/mod.ts": "7559bf52e32848a55fb0522419167fae9b43b5a23a37d71c858dacb682726ee9",
    "https://deno.land/std@0.207.0/csv/parse.ts": "fe075f0e2be313fe278d287925e490c04e3cd88456d262deee0431cb04beaf9e",
    "https://deno.land/std@0.207.0/csv/stringify.ts": "f61627b78c1eb970e9af3b16e080a96f521021685878dad5c94d0c108fd3fdc3",
    "https://deno.land/std@0.207.0/streams/_common.ts": "3b2c1f0287ce2ad51fff4091a7d0f48375c85b0ec341468e76d5ac13bb0014dd",
    "https://deno.land/std@0.207.0/streams/text_delimiter_stream.ts": "f0dc8ff953a8a77f0d1fa8db1fee62de817f36e20d79b00b1362847e30fbdd90",
    "https://deno.land/std@0.213.0/datetime/_common.ts": "a62214c1924766e008e27d3d843ceba4b545dc2aa9880de0ecdef9966d5736b6",
    "https://deno.land/std@0.213.0/datetime/format.ts": "aea98f9b51abebe79805cf4b6e566ae6cdf4f91dfd728e2e2505de4729e03f2a",
    "https://deno.land/x/dotenv@v3.2.2/load.ts": "cbd76a0aee01aad8d09222afaa1dd04b84d9d3e44637503b01bf77a91df9e041",
    "https://deno.land/x/dotenv@v3.2.2/mod.ts": "077b48773de9205266a0b44c3c3a3c3083449ed64bb0b6cc461b95720678d38e",
    "https://deno.land/x/dotenv@v3.2.2/util.ts": "693730877b13f8ead2b79b2aa31e2a0652862f7dc0c5f6d2f313f4d39c7b7670",
    "https://deno.land/x/logger@v1.1.3/date.ts": "09041dc83c9cddb489b875f45b07336dd894c23b9dd5b47235b94180571a2efa",
    "https://deno.land/x/logger@v1.1.3/deps.ts": "1b09212250f8023edd69efb798874ca19bf90c4ed7cdcc1a292dc16c5bb2cf6d",
    "https://deno.land/x/logger@v1.1.3/eol.ts": "493acd048c546fd48bcd26365d4dadf3db81ce32c4611ca5b0b19e6de9f9826a",
    "https://deno.land/x/logger@v1.1.3/fs.ts": "7d1c7261e9f15d25c6c09df43169a4665bd9da7e2413534aa294f4b184f3fa4e",
    "https://deno.land/x/logger@v1.1.3/interface.ts": "7bca0b861b894e914508aab1afdd7e42e598695a50a3efe9db54be8ba4ab3b0e",
    "https://deno.land/x/logger@v1.1.3/logger.ts": "fc7a84305b4b8e711b5d7d51ab3cef796900effffd3e85c730291aa339efbb98",
    "https://deno.land/x/logger@v1.1.3/stdout.ts": "364b6ca8c016c9e67d457d12aa028a448e4b8af7a78965e42de824fb969a9ccb",
    "https://deno.land/x/logger@v1.1.3/types.ts": "8835d0d56f500112f92b36d8f241f95bccef93f73de203f7cd86de3ab4383d80",
    "https://deno.land/x/logger@v1.1.3/writable.ts": "bb60ba4a798a10ac1649e30598c0c346055c0dcacb8f1e9452e4f66ea6680a45",
    "https://deno.land/x/logger@v1.1.3/writer.ts": "539ff3a1bdefef897ca1d13d387ee4d84d6491f460020454e9158076f5e09221"
  }
}
